
Microsoft Visual Studio Solution File, Format Version 12.00
# Visual Studio Version 16
VisualStudioVersion = 16.0.31911.196
MinimumVisualStudioVersion = 10.0.40219.1
Project("{FAE04EC0-301F-11D3-BF4B-00C04F79EFBC}") = "BankAccountDatabase.UI", "BankAccountDatabase\BankAccountDatabase.UI.csproj", "{87D27353-0D52-4DD6-AD49-7D0BBDD4F703}"
EndProject
Project("{FAE04EC0-301F-11D3-BF4B-00C04F79EFBC}") = "BankAccountDatabase.Core", "BankAccountDatabase.Core\BankAccountDatabase.Core.csproj", "{43E5714B-4E91-48C0-BB82-A794A418188D}"
EndProject
Project("{FAE04EC0-301F-11D3-BF4B-00C04F79EFBC}") = "BankAccountDatabase.DAL", "BankAccountDatabase.DAL\BankAccountDatabase.DAL.csproj", "{81BAD18B-6FC3-4E2C-9474-3DC1813310AA}"
EndProject
Project("{FAE04EC0-301F-11D3-BF4B-00C04F79EFBC}") = "BankAccountDatabase.BLL", "BankAccountDatabase.BLL\BankAccountDatabase.BLL.csproj", "{F503006E-A467-42EB-80D5-25EFFF8A50DE}"
EndProject
Project("{FAE04EC0-301F-11D3-BF4B-00C04F79EFBC}") = "BankAccountDatabase.Tests", "BankAccountDatabase.Tests\BankAccountDatabase.Tests.csproj", "{4665D53F-A164-4F97-B697-E7CA0E5A1B1A}"
EndProject
Global
	GlobalSection(SolutionConfigurationPlatforms) = preSolution
		Debug|Any CPU = Debug|Any CPU
		Release|Any CPU = Release|Any CPU
	EndGlobalSection
	GlobalSection(ProjectConfigurationPlatforms) = postSolution
		{87D27353-0D52-4DD6-AD49-7D0BBDD4F703}.Debug|Any CPU.ActiveCfg = Debug|Any CPU
		{87D27353-0D52-4DD6-AD49-7D0BBDD4F703}.Debug|Any CPU.Build.0 = Debug|Any CPU
		{87D27353-0D52-4DD6-AD49-7D0BBDD4F703}.Release|Any CPU.ActiveCfg = Release|Any CPU
		{87D27353-0D52-4DD6-AD49-7D0BBDD4F703}.Release|Any CPU.Build.0 = Release|Any CPU
		{43E5714B-4E91-48C0-BB82-A794A418188D}.Debug|Any CPU.ActiveCfg = Debug|Any CPU
		{43E5714B-4E91-48C0-BB82-A794A418188D}.Debug|Any CPU.Build.0 = Debug|Any CPU
		{43E5714B-4E91-48C0-BB82-A794A418188D}.Release|Any CPU.ActiveCfg = Release|Any CPU
		{43E5714B-4E91-48C0-BB82-A794A418188D}.Release|Any CPU.Build.0 = Release|Any CPU
		{81BAD18B-6FC3-4E2C-9474-3DC1813310AA}.Debug|Any CPU.ActiveCfg = Debug|Any CPU
		{81BAD18B-6FC3-4E2C-9474-3DC1813310AA}.Debug|Any CPU.Build.0 = Debug|Any CPU
		{81BAD18B-6FC3-4E2C-9474-3DC1813310AA}.Release|Any CPU.ActiveCfg = Release|Any CPU
		{81BAD18B-6FC3-4E2C-9474-3DC1813310AA}.Release|Any CPU.Build.0 = Release|Any CPU
		{F503006E-A467-42EB-80D5-25EFFF8A50DE}.Debug|Any CPU.ActiveCfg = Debug|Any CPU
		{F503006E-A467-42EB-80D5-25EFFF8A50DE}.Debug|Any CPU.Build.0 = Debug|Any CPU
		{F503006E-A467-42EB-80D5-25EFFF8A50DE}.Release|Any CPU.ActiveCfg = Release|Any CPU
		{F503006E-A467-42EB-80D5-25EFFF8A50DE}.Release|Any CPU.Build.0 = Release|Any CPU
		{4665D53F-A164-4F97-B697-E7CA0E5A1B1A}.Debug|Any CPU.ActiveCfg = Debug|Any CPU
		{4665D53F-A164-4F97-B697-E7CA0E5A1B1A}.Debug|Any CPU.Build.0 = Debug|Any CPU
		{4665D53F-A164-4F97-B697-E7CA0E5A1B1A}.Release|Any CPU.ActiveCfg = Release|Any CPU
		{4665D53F-A164-4F97-B697-E7CA0E5A1B1A}.Release|Any CPU.Build.0 = Release|Any CPU
	EndGlobalSection
	GlobalSection(SolutionProperties) = preSolution
		HideSolutionNode = FALSE
	EndGlobalSection
	GlobalSection(ExtensibilityGlobals) = postSolution
		SolutionGuid = {2E87D360-B046-4B7F-9A0E-AD125266EFA0}
	EndGlobalSection
EndGlobal
